
Microsoft Visual Studio Solution File, Format Version 12.00
Project("{FAE04EC0-301F-11D3-BF4B-00C04F79EFBC}") = "AutoHelpMe", "AutoHelpMe\AutoHelpMe.csproj", "{7D56759D-E04A-4C7D-98DF-10927E49F818}"
EndProject
Global
	GlobalSection(SolutionConfigurationPlatforms) = preSolution
		Debug|Any CPU = Debug|Any CPU
		Release|Any CPU = Release|Any CPU
	EndGlobalSection
	GlobalSection(ProjectConfigurationPlatforms) = postSolution
		{7D56759D-E04A-4C7D-98DF-10927E49F818}.Debug|Any CPU.ActiveCfg = Debug|Any CPU
		{7D56759D-E04A-4C7D-98DF-10927E49F818}.Debug|Any CPU.Build.0 = Debug|Any CPU
		{7D56759D-E04A-4C7D-98DF-10927E49F818}.Release|Any CPU.ActiveCfg = Release|Any CPU
		{7D56759D-E04A-4C7D-98DF-10927E49F818}.Release|Any CPU.Build.0 = Release|Any CPU
	EndGlobalSection
EndGlobal
