
Microsoft Visual Studio Solution File, Format Version 12.00
# Visual Studio Version 17
VisualStudioVersion = 17.8.34309.116
MinimumVisualStudioVersion = 10.0.40219.1
Project("{FAE04EC0-301F-11D3-BF4B-00C04F79EFBC}") = "AutoHelpMe2", "AutoHelpMe2\AutoHelpMe2.csproj", "{5A884DAC-742E-4F74-BA72-917D9B4B6419}"
EndProject
Global
	GlobalSection(SolutionConfigurationPlatforms) = preSolution
		Debug|Any CPU = Debug|Any CPU
		Release|Any CPU = Release|Any CPU
	EndGlobalSection
	GlobalSection(ProjectConfigurationPlatforms) = postSolution
		{5A884DAC-742E-4F74-BA72-917D9B4B6419}.Debug|Any CPU.ActiveCfg = Debug|Any CPU
		{5A884DAC-742E-4F74-BA72-917D9B4B6419}.Debug|Any CPU.Build.0 = Debug|Any CPU
		{5A884DAC-742E-4F74-BA72-917D9B4B6419}.Release|Any CPU.ActiveCfg = Release|Any CPU
		{5A884DAC-742E-4F74-BA72-917D9B4B6419}.Release|Any CPU.Build.0 = Release|Any CPU
	EndGlobalSection
	GlobalSection(SolutionProperties) = preSolution
		HideSolutionNode = FALSE
	EndGlobalSection
	GlobalSection(ExtensibilityGlobals) = postSolution
		SolutionGuid = {08C9B8D1-BA11-4B04-BD1C-CA4950212FFB}
	EndGlobalSection
EndGlobal
