
Microsoft Visual Studio Solution File, Format Version 12.00
# Visual Studio Version 17
VisualStudioVersion = 17.10.35027.167
MinimumVisualStudioVersion = 10.0.40219.1
Project("{FAE04EC0-301F-11D3-BF4B-00C04F79EFBC}") = "AutoHelpMe_V2", "AutoHelpMe_V2\AutoHelpMe_V2.csproj", "{95BB15D9-4FF4-452C-B83A-BCEECF228FD0}"
EndProject
Global
	GlobalSection(SolutionConfigurationPlatforms) = preSolution
		Debug|Any CPU = Debug|Any CPU
		Release|Any CPU = Release|Any CPU
	EndGlobalSection
	GlobalSection(ProjectConfigurationPlatforms) = postSolution
		{95BB15D9-4FF4-452C-B83A-BCEECF228FD0}.Debug|Any CPU.ActiveCfg = Debug|Any CPU
		{95BB15D9-4FF4-452C-B83A-BCEECF228FD0}.Debug|Any CPU.Build.0 = Debug|Any CPU
		{95BB15D9-4FF4-452C-B83A-BCEECF228FD0}.Release|Any CPU.ActiveCfg = Release|Any CPU
		{95BB15D9-4FF4-452C-B83A-BCEECF228FD0}.Release|Any CPU.Build.0 = Release|Any CPU
	EndGlobalSection
	GlobalSection(SolutionProperties) = preSolution
		HideSolutionNode = FALSE
	EndGlobalSection
	GlobalSection(ExtensibilityGlobals) = postSolution
		SolutionGuid = {A9E7EFD1-3CFF-4187-96E8-67F6F2974D80}
	EndGlobalSection
EndGlobal
